// !$*UTF8*$!
{
	archiveVersion = 1;
	classes = {
	};
	objectVersion = 48;
	objects = {

/* Begin PBXBuildFile section */
		94D425EC1FB1D41E00A7069D /* AppDelegate.m in Sources */ = {isa = PBXBuildFile; fileRef = 94D425EB1FB1D41E00A7069D /* AppDelegate.m */; };
		94D425EF1FB1D41E00A7069D /* ViewController.m in Sources */ = {isa = PBXBuildFile; fileRef = 94D425EE1FB1D41E00A7069D /* ViewController.m */; };
		94D425F21FB1D41E00A7069D /* Main.storyboard in Resources */ = {isa = PBXBuildFile; fileRef = 94D425F01FB1D41E00A7069D /* Main.storyboard */; };
		94D425F41FB1D41E00A7069D /* Assets.xcassets in Resources */ = {isa = PBXBuildFile; fileRef = 94D425F31FB1D41E00A7069D /* Assets.xcassets */; };
		94D425F71FB1D41E00A7069D /* LaunchScreen.storyboard in Resources */ = {isa = PBXBuildFile; fileRef = 94D425F51FB1D41E00A7069D /* LaunchScreen.storyboard */; };
		94D425FA1FB1D41E00A7069D /* main.m in Sources */ = {isa = PBXBuildFile; fileRef = 94D425F91FB1D41E00A7069D /* main.m */; };
		94D426041FB1D41F00A7069D /* SolarARTests.m in Sources */ = {isa = PBXBuildFile; fileRef = 94D426031FB1D41F00A7069D /* SolarARTests.m */; };
		94D4260F1FB1D41F00A7069D /* SolarARUITests.m in Sources */ = {isa = PBXBuildFile; fileRef = 94D4260E1FB1D41F00A7069D /* SolarARUITests.m */; };
/* End PBXBuildFile section */

/* Begin PBXContainerItemProxy section */
		94D426001FB1D41F00A7069D /* PBXContainerItemProxy */ = {
			isa = PBXContainerItemProxy;
			containerPortal = 94D425DF1FB1D41E00A7069D /* Project object */;
			proxyType = 1;
			remoteGlobalIDString = 94D425E61FB1D41E00A7069D;
			remoteInfo = SolarAR;
		};
		94D4260B1FB1D41F00A7069D /* PBXContainerItemProxy */ = {
			isa = PBXContainerItemProxy;
			containerPortal = 94D425DF1FB1D41E00A7069D /* Project object */;
			proxyType = 1;
			remoteGlobalIDString = 94D425E61FB1D41E00A7069D;
			remoteInfo = SolarAR;
		};
/* End PBXContainerItemProxy section */

/* Begin PBXFileReference section */
		94D425E71FB1D41E00A7069D /* SolarAR.app */ = {isa = PBXFileReference; explicitFileType = wrapper.application; includeInIndex = 0; path = SolarAR.app; sourceTree = BUILT_PRODUCTS_DIR; };
		94D425EA1FB1D41E00A7069D /* AppDelegate.h */ = {isa = PBXFileReference; lastKnownFileType = sourcecode.c.h; path = AppDelegate.h; sourceTree = "<group>"; };
		94D425EB1FB1D41E00A7069D /* AppDelegate.m */ = {isa = PBXFileReference; lastKnownFileType = sourcecode.c.objc; path = AppDelegate.m; sourceTree = "<group>"; };
		94D425ED1FB1D41E00A7069D /* ViewController.h */ = {isa = PBXFileReference; lastKnownFileType = sourcecode.c.h; path = ViewController.h; sourceTree = "<group>"; };
		94D425EE1FB1D41E00A7069D /* ViewController.m */ = {isa = PBXFileReference; lastKnownFileType = sourcecode.c.objc; path = ViewController.m; sourceTree = "<group>"; };
		94D425F11FB1D41E00A7069D /* Base */ = {isa = PBXFileReference; lastKnownFileType = file.storyboard; name = Base; path = Base.lproj/Main.storyboard; sourceTree = "<group>"; };
		94D425F31FB1D41E00A7069D /* Assets.xcassets */ = {isa = PBXFileReference; lastKnownFileType = folder.assetcatalog; path = Assets.xcassets; sourceTree = "<group>"; };
		94D425F61FB1D41E00A7069D /* Base */ = {isa = PBXFileReference; lastKnownFileType = file.storyboard; name = Base; path = Base.lproj/LaunchScreen.storyboard; sourceTree = "<group>"; };
		94D425F81FB1D41E00A7069D /* Info.plist */ = {isa = PBXFileReference; lastKnownFileType = text.plist.xml; path = Info.plist; sourceTree = "<group>"; };
		94D425F91FB1D41E00A7069D /* main.m */ = {isa = PBXFileReference; lastKnownFileType = sourcecode.c.objc; path = main.m; sourceTree = "<group>"; };
		94D425FF1FB1D41F00A7069D /* SolarARTests.xctest */ = {isa = PBXFileReference; explicitFileType = wrapper.cfbundle; includeInIndex = 0; path = SolarARTests.xctest; sourceTree = BUILT_PRODUCTS_DIR; };
		94D426031FB1D41F00A7069D /* SolarARTests.m */ = {isa = PBXFileReference; lastKnownFileType = sourcecode.c.objc; path = SolarARTests.m; sourceTree = "<group>"; };
		94D426051FB1D41F00A7069D /* Info.plist */ = {isa = PBXFileReference; lastKnownFileType = text.plist.xml; path = Info.plist; sourceTree = "<group>"; };
		94D4260A1FB1D41F00A7069D /* SolarARUITests.xctest */ = {isa = PBXFileReference; explicitFileType = wrapper.cfbundle; includeInIndex = 0; path = SolarARUITests.xctest; sourceTree = BUILT_PRODUCTS_DIR; };
		94D4260E1FB1D41F00A7069D /* SolarARUITests.m */ = {isa = PBXFileReference; lastKnownFileType = sourcecode.c.objc; path = SolarARUITests.m; sourceTree = "<group>"; };
		94D426101FB1D41F00A7069D /* Info.plist */ = {isa = PBXFileReference; lastKnownFileType = text.plist.xml; path = Info.plist; sourceTree = "<group>"; };
/* End PBXFileReference section */

/* Begin PBXFrameworksBuildPhase section */
		94D425E41FB1D41E00A7069D /* Frameworks */ = {
			isa = PBXFrameworksBuildPhase;
			buildActionMask = 2147483647;
			files = (
			);
			runOnlyForDeploymentPostprocessing = 0;
		};
		94D425FC1FB1D41F00A7069D /* Frameworks */ = {
			isa = PBXFrameworksBuildPhase;
			buildActionMask = 2147483647;
			files = (
			);
			runOnlyForDeploymentPostprocessing = 0;
		};
		94D426071FB1D41F00A7069D /* Frameworks */ = {
			isa = PBXFrameworksBuildPhase;
			buildActionMask = 2147483647;
			files = (
			);
			runOnlyForDeploymentPostprocessing = 0;
		};
/* End PBXFrameworksBuildPhase section */

/* Begin PBXGroup section */
		94D425DE1FB1D41E00A7069D = {
			isa = PBXGroup;
			children = (
				94D425E91FB1D41E00A7069D /* SolarAR */,
				94D426021FB1D41F00A7069D /* SolarARTests */,
				94D4260D1FB1D41F00A7069D /* SolarARUITests */,
				94D425E81FB1D41E00A7069D /* Products */,
			);
			sourceTree = "<group>";
		};
		94D425E81FB1D41E00A7069D /* Products */ = {
			isa = PBXGroup;
			children = (
				94D425E71FB1D41E00A7069D /* SolarAR.app */,
				94D425FF1FB1D41F00A7069D /* SolarARTests.xctest */,
				94D4260A1FB1D41F00A7069D /* SolarARUITests.xctest */,
			);
			name = Products;
			sourceTree = "<group>";
		};
		94D425E91FB1D41E00A7069D /* SolarAR */ = {
			isa = PBXGroup;
			children = (
				94D425EA1FB1D41E00A7069D /* AppDelegate.h */,
				94D425EB1FB1D41E00A7069D /* AppDelegate.m */,
				94D425ED1FB1D41E00A7069D /* ViewController.h */,
				94D425EE1FB1D41E00A7069D /* ViewController.m */,
				94D425F01FB1D41E00A7069D /* Main.storyboard */,
				94D425F31FB1D41E00A7069D /* Assets.xcassets */,
				94D425F51FB1D41E00A7069D /* LaunchScreen.storyboard */,
				94D425F81FB1D41E00A7069D /* Info.plist */,
				94D425F91FB1D41E00A7069D /* main.m */,
			);
			path = SolarAR;
			sourceTree = "<group>";
		};
		94D426021FB1D41F00A7069D /* SolarARTests */ = {
			isa = PBXGroup;
			children = (
				94D426031FB1D41F00A7069D /* SolarARTests.m */,
				94D426051FB1D41F00A7069D /* Info.plist */,
			);
			path = SolarARTests;
			sourceTree = "<group>";
		};
		94D4260D1FB1D41F00A7069D /* SolarARUITests */ = {
			isa = PBXGroup;
			children = (
				94D4260E1FB1D41F00A7069D /* SolarARUITests.m */,
				94D426101FB1D41F00A7069D /* Info.plist */,
			);
			path = SolarARUITests;
			sourceTree = "<group>";
		};
/* End PBXGroup section */

/* Begin PBXNativeTarget section */
		94D425E61FB1D41E00A7069D /* SolarAR */ = {
			isa = PBXNativeTarget;
			buildConfigurationList = 94D426131FB1D41F00A7069D /* Build configuration list for PBXNativeTarget "SolarAR" */;
			buildPhases = (
				94D425E31FB1D41E00A7069D /* Sources */,
				94D425E41FB1D41E00A7069D /* Frameworks */,
				94D425E51FB1D41E00A7069D /* Resources */,
			);
			buildRules = (
			);
			dependencies = (
			);
			name = SolarAR;
			productName = SolarAR;
			productReference = 94D425E71FB1D41E00A7069D /* SolarAR.app */;
			productType = "com.apple.product-type.application";
		};
		94D425FE1FB1D41F00A7069D /* SolarARTests */ = {
			isa = PBXNativeTarget;
			buildConfigurationList = 94D426161FB1D41F00A7069D /* Build configuration list for PBXNativeTarget "SolarARTests" */;
			buildPhases = (
				94D425FB1FB1D41F00A7069D /* Sources */,
				94D425FC1FB1D41F00A7069D /* Frameworks */,
				94D425FD1FB1D41F00A7069D /* Resources */,
			);
			buildRules = (
			);
			dependencies = (
				94D426011FB1D41F00A7069D /* PBXTargetDependency */,
			);
			name = SolarARTests;
			productName = SolarARTests;
			productReference = 94D425FF1FB1D41F00A7069D /* SolarARTests.xctest */;
			productType = "com.apple.product-type.bundle.unit-test";
		};
		94D426091FB1D41F00A7069D /* SolarARUITests */ = {
			isa = PBXNativeTarget;
			buildConfigurationList = 94D426191FB1D41F00A7069D /* Build configuration list for PBXNativeTarget "SolarARUITests" */;
			buildPhases = (
				94D426061FB1D41F00A7069D /* Sources */,
				94D426071FB1D41F00A7069D /* Frameworks */,
				94D426081FB1D41F00A7069D /* Resources */,
			);
			buildRules = (
			);
			dependencies = (
				94D4260C1FB1D41F00A7069D /* PBXTargetDependency */,
			);
			name = SolarARUITests;
			productName = SolarARUITests;
			productReference = 94D4260A1FB1D41F00A7069D /* SolarARUITests.xctest */;
			productType = "com.apple.product-type.bundle.ui-testing";
		};
/* End PBXNativeTarget section */

/* Begin PBXProject section */
		94D425DF1FB1D41E00A7069D /* Project object */ = {
			isa = PBXProject;
			attributes = {
				LastUpgradeCheck = 0900;
				ORGANIZATIONNAME = Ryan;
				TargetAttributes = {
					94D425E61FB1D41E00A7069D = {
						CreatedOnToolsVersion = 9.0;
						ProvisioningStyle = Automatic;
					};
					94D425FE1FB1D41F00A7069D = {
						CreatedOnToolsVersion = 9.0;
						ProvisioningStyle = Automatic;
						TestTargetID = 94D425E61FB1D41E00A7069D;
					};
					94D426091FB1D41F00A7069D = {
						CreatedOnToolsVersion = 9.0;
						ProvisioningStyle = Automatic;
						TestTargetID = 94D425E61FB1D41E00A7069D;
					};
				};
			};
			buildConfigurationList = 94D425E21FB1D41E00A7069D /* Build configuration list for PBXProject "SolarAR" */;
			compatibilityVersion = "Xcode 8.0";
			developmentRegion = en;
			hasScannedForEncodings = 0;
			knownRegions = (
				en,
				Base,
			);
			mainGroup = 94D425DE1FB1D41E00A7069D;
			productRefGroup = 94D425E81FB1D41E00A7069D /* Products */;
			projectDirPath = "";
			projectRoot = "";
			targets = (
				94D425E61FB1D41E00A7069D /* SolarAR */,
				94D425FE1FB1D41F00A7069D /* SolarARTests */,
				94D426091FB1D41F00A7069D /* SolarARUITests */,
			);
		};
/* End PBXProject section */

/* Begin PBXResourcesBuildPhase section */
		94D425E51FB1D41E00A7069D /* Resources */ = {
			isa = PBXResourcesBuildPhase;
			buildActionMask = 2147483647;
			files = (
				94D425F71FB1D41E00A7069D /* LaunchScreen.storyboard in Resources */,
				94D425F41FB1D41E00A7069D /* Assets.xcassets in Resources */,
				94D425F21FB1D41E00A7069D /* Main.storyboard in Resources */,
			);
			runOnlyForDeploymentPostprocessing = 0;
		};
		94D425FD1FB1D41F00A7069D /* Resources */ = {
			isa = PBXResourcesBuildPhase;
			buildActionMask = 2147483647;
			files = (
			);
			runOnlyForDeploymentPostprocessing = 0;
		};
		94D426081FB1D41F00A7069D /* Resources */ = {
			isa = PBXResourcesBuildPhase;
			buildActionMask = 2147483647;
			files = (
			);
			runOnlyForDeploymentPostprocessing = 0;
		};
/* End PBXResourcesBuildPhase section */

/* Begin PBXSourcesBuildPhase section */
		94D425E31FB1D41E00A7069D /* Sources */ = {
			isa = PBXSourcesBuildPhase;
			buildActionMask = 2147483647;
			files = (
				94D425EF1FB1D41E00A7069D /* ViewController.m in Sources */,
				94D425FA1FB1D41E00A7069D /* main.m in Sources */,
				94D425EC1FB1D41E00A7069D /* AppDelegate.m in Sources */,
			);
			runOnlyForDeploymentPostprocessing = 0;
		};
		94D425FB1FB1D41F00A7069D /* Sources */ = {
			isa = PBXSourcesBuildPhase;
			buildActionMask = 2147483647;
			files = (
				94D426041FB1D41F00A7069D /* SolarARTests.m in Sources */,
			);
			runOnlyForDeploymentPostprocessing = 0;
		};
		94D426061FB1D41F00A7069D /* Sources */ = {
			isa = PBXSourcesBuildPhase;
			buildActionMask = 2147483647;
			files = (
				94D4260F1FB1D41F00A7069D /* SolarARUITests.m in Sources */,
			);
			runOnlyForDeploymentPostprocessing = 0;
		};
/* End PBXSourcesBuildPhase section */

/* Begin PBXTargetDependency section */
		94D426011FB1D41F00A7069D /* PBXTargetDependency */ = {
			isa = PBXTargetDependency;
			target = 94D425E61FB1D41E00A7069D /* SolarAR */;
			targetProxy = 94D426001FB1D41F00A7069D /* PBXContainerItemProxy */;
		};
		94D4260C1FB1D41F00A7069D /* PBXTargetDependency */ = {
			isa = PBXTargetDependency;
			target = 94D425E61FB1D41E00A7069D /* SolarAR */;
			targetProxy = 94D4260B1FB1D41F00A7069D /* PBXContainerItemProxy */;
		};
/* End PBXTargetDependency section */

/* Begin PBXVariantGroup section */
		94D425F01FB1D41E00A7069D /* Main.storyboard */ = {
			isa = PBXVariantGroup;
			children = (
				94D425F11FB1D41E00A7069D /* Base */,
			);
			name = Main.storyboard;
			sourceTree = "<group>";
		};
		94D425F51FB1D41E00A7069D /* LaunchScreen.storyboard */ = {
			isa = PBXVariantGroup;
			children = (
				94D425F61FB1D41E00A7069D /* Base */,
			);
			name = LaunchScreen.storyboard;
			sourceTree = "<group>";
		};
/* End PBXVariantGroup section */

/* Begin XCBuildConfiguration section */
		94D426111FB1D41F00A7069D /* Debug */ = {
			isa = XCBuildConfiguration;
			buildSettings = {
				ALWAYS_SEARCH_USER_PATHS = NO;
				CLANG_ANALYZER_NONNULL = YES;
				CLANG_ANALYZER_NUMBER_OBJECT_CONVERSION = YES_AGGRESSIVE;
				CLANG_CXX_LANGUAGE_STANDARD = "gnu++14";
				CLANG_CXX_LIBRARY = "libc++";
				CLANG_ENABLE_MODULES = YES;
				CLANG_ENABLE_OBJC_ARC = YES;
				CLANG_WARN_BLOCK_CAPTURE_AUTORELEASING = YES;
				CLANG_WARN_BOOL_CONVERSION = YES;
				CLANG_WARN_COMMA = YES;
				CLANG_WARN_CONSTANT_CONVERSION = YES;
				CLANG_WARN_DIRECT_OBJC_ISA_USAGE = YES_ERROR;
				CLANG_WARN_DOCUMENTATION_COMMENTS = YES;
				CLANG_WARN_EMPTY_BODY = YES;
				CLANG_WARN_ENUM_CONVERSION = YES;
				CLANG_WARN_INFINITE_RECURSION = YES;
				CLANG_WARN_INT_CONVERSION = YES;
				CLANG_WARN_NON_LITERAL_NULL_CONVERSION = YES;
				CLANG_WARN_OBJC_LITERAL_CONVERSION = YES;
				CLANG_WARN_OBJC_ROOT_CLASS = YES_ERROR;
				CLANG_WARN_RANGE_LOOP_ANALYSIS = YES;
				CLANG_WARN_STRICT_PROTOTYPES = YES;
				CLANG_WARN_SUSPICIOUS_MOVE = YES;
				CLANG_WARN_UNGUARDED_AVAILABILITY = YES_AGGRESSIVE;
				CLANG_WARN_UNREACHABLE_CODE = YES;
				CLANG_WARN__DUPLICATE_METHOD_MATCH = YES;
				CODE_SIGN_IDENTITY = "iPhone Developer";
				COPY_PHASE_STRIP = NO;
				DEBUG_INFORMATION_FORMAT = dwarf;
				ENABLE_STRICT_OBJC_MSGSEND = YES;
				ENABLE_TESTABILITY = YES;
				GCC_C_LANGUAGE_STANDARD = gnu11;
				GCC_DYNAMIC_NO_PIC = NO;
				GCC_NO_COMMON_BLOCKS = YES;
				GCC_OPTIMIZATION_LEVEL = 0;
				GCC_PREPROCESSOR_DEFINITIONS = (
					"DEBUG=1",
					"$(inherited)",
				);
				GCC_WARN_64_TO_32_BIT_CONVERSION = YES;
				GCC_WARN_ABOUT_RETURN_TYPE = YES_ERROR;
				GCC_WARN_UNDECLARED_SELECTOR = YES;
				GCC_WARN_UNINITIALIZED_AUTOS = YES_AGGRESSIVE;
				GCC_WARN_UNUSED_FUNCTION = YES;
				GCC_WARN_UNUSED_VARIABLE = YES;
				IPHONEOS_DEPLOYMENT_TARGET = 11.0;
				MTL_ENABLE_DEBUG_INFO = YES;
				ONLY_ACTIVE_ARCH = YES;
				SDKROOT = iphoneos;
			};
			name = Debug;
		};
		94D426121FB1D41F00A7069D /* Release */ = {
			isa = XCBuildConfiguration;
			buildSettings = {
				ALWAYS_SEARCH_USER_PATHS = NO;
				CLANG_ANALYZER_NONNULL = YES;
				CLANG_ANALYZER_NUMBER_OBJECT_CONVERSION = YES_AGGRESSIVE;
				CLANG_CXX_LANGUAGE_STANDARD = "gnu++14";
				CLANG_CXX_LIBRARY = "libc++";
				CLANG_ENABLE_MODULES = YES;
				CLANG_ENABLE_OBJC_ARC = YES;
				CLANG_WARN_BLOCK_CAPTURE_AUTORELEASING = YES;
				CLANG_WARN_BOOL_CONVERSION = YES;
				CLANG_WARN_COMMA = YES;
				CLANG_WARN_CONSTANT_CONVERSION = YES;
				CLANG_WARN_DIRECT_OBJC_ISA_USAGE = YES_ERROR;
				CLANG_WARN_DOCUMENTATION_COMMENTS = YES;
				CLANG_WARN_EMPTY_BODY = YES;
				CLANG_WARN_ENUM_CONVERSION = YES;
				CLANG_WARN_INFINITE_RECURSION = YES;
				CLANG_WARN_INT_CONVERSION = YES;
				CLANG_WARN_NON_LITERAL_NULL_CONVERSION = YES;
				CLANG_WARN_OBJC_LITERAL_CONVERSION = YES;
				CLANG_WARN_OBJC_ROOT_CLASS = YES_ERROR;
				CLANG_WARN_RANGE_LOOP_ANALYSIS = YES;
				CLANG_WARN_STRICT_PROTOTYPES = YES;
				CLANG_WARN_SUSPICIOUS_MOVE = YES;
				CLANG_WARN_UNGUARDED_AVAILABILITY = YES_AGGRESSIVE;
				CLANG_WARN_UNREACHABLE_CODE = YES;
				CLANG_WARN__DUPLICATE_METHOD_MATCH = YES;
				CODE_SIGN_IDENTITY = "iPhone Developer";
				COPY_PHASE_STRIP = NO;
				DEBUG_INFORMATION_FORMAT = "dwarf-with-dsym";
				ENABLE_NS_ASSERTIONS = NO;
				ENABLE_STRICT_OBJC_MSGSEND = YES;
				GCC_C_LANGUAGE_STANDARD = gnu11;
				GCC_NO_COMMON_BLOCKS = YES;
				GCC_WARN_64_TO_32_BIT_CONVERSION = YES;
				GCC_WARN_ABOUT_RETURN_TYPE = YES_ERROR;
				GCC_WARN_UNDECLARED_SELECTOR = YES;
				GCC_WARN_UNINITIALIZED_AUTOS = YES_AGGRESSIVE;
				GCC_WARN_UNUSED_FUNCTION = YES;
				GCC_WARN_UNUSED_VARIABLE = YES;
				IPHONEOS_DEPLOYMENT_TARGET = 11.0;
				MTL_ENABLE_DEBUG_INFO = NO;
				SDKROOT = iphoneos;
				VALIDATE_PRODUCT = YES;
			};
			name = Release;
		};
		94D426141FB1D41F00A7069D /* Debug */ = {
			isa = XCBuildConfiguration;
			buildSettings = {
				ASSETCATALOG_COMPILER_APPICON_NAME = AppIcon;
				CODE_SIGN_STYLE = Automatic;
				INFOPLIST_FILE = SolarAR/Info.plist;
				LD_RUNPATH_SEARCH_PATHS = "$(inherited) @executable_path/Frameworks";
				PRODUCT_BUNDLE_IDENTIFIER = com.miaoyu.SolarAR;
				PRODUCT_NAME = "$(TARGET_NAME)";
				TARGETED_DEVICE_FAMILY = "1,2";
			};
			name = Debug;
		};
		94D426151FB1D41F00A7069D /* Release */ = {
			isa = XCBuildConfiguration;
			buildSettings = {
				ASSETCATALOG_COMPILER_APPICON_NAME = AppIcon;
				CODE_SIGN_STYLE = Automatic;
				INFOPLIST_FILE = SolarAR/Info.plist;
				LD_RUNPATH_SEARCH_PATHS = "$(inherited) @executable_path/Frameworks";
				PRODUCT_BUNDLE_IDENTIFIER = com.miaoyu.SolarAR;
				PRODUCT_NAME = "$(TARGET_NAME)";
				TARGETED_DEVICE_FAMILY = "1,2";
			};
			name = Release;
		};
		94D426171FB1D41F00A7069D /* Debug */ = {
			isa = XCBuildConfiguration;
			buildSettings = {
				BUNDLE_LOADER = "$(TEST_HOST)";
				CODE_SIGN_STYLE = Automatic;
				INFOPLIST_FILE = SolarARTests/Info.plist;
				LD_RUNPATH_SEARCH_PATHS = "$(inherited) @executable_path/Frameworks @loader_path/Frameworks";
				PRODUCT_BUNDLE_IDENTIFIER = com.miaoyu.SolarARTests;
				PRODUCT_NAME = "$(TARGET_NAME)";
				TARGETED_DEVICE_FAMILY = "1,2";
				TEST_HOST = "$(BUILT_PRODUCTS_DIR)/SolarAR.app/SolarAR";
			};
			name = Debug;
		};
		94D426181FB1D41F00A7069D /* Release */ = {
			isa = XCBuildConfiguration;
			buildSettings = {
				BUNDLE_LOADER = "$(TEST_HOST)";
				CODE_SIGN_STYLE = Automatic;
				INFOPLIST_FILE = SolarARTests/Info.plist;
				LD_RUNPATH_SEARCH_PATHS = "$(inherited) @executable_path/Frameworks @loader_path/Frameworks";
				PRODUCT_BUNDLE_IDENTIFIER = com.miaoyu.SolarARTests;
				PRODUCT_NAME = "$(TARGET_NAME)";
				TARGETED_DEVICE_FAMILY = "1,2";
				TEST_HOST = "$(BUILT_PRODUCTS_DIR)/SolarAR.app/SolarAR";
			};
			name = Release;
		};
		94D4261A1FB1D41F00A7069D /* Debug */ = {
			isa = XCBuildConfiguration;
			buildSettings = {
				CODE_SIGN_STYLE = Automatic;
				INFOPLIST_FILE = SolarARUITests/Info.plist;
				LD_RUNPATH_SEARCH_PATHS = "$(inherited) @executable_path/Frameworks @loader_path/Frameworks";
				PRODUCT_BUNDLE_IDENTIFIER = com.miaoyu.SolarARUITests;
				PRODUCT_NAME = "$(TARGET_NAME)";
				TARGETED_DEVICE_FAMILY = "1,2";
				TEST_TARGET_NAME = SolarAR;
			};
			name = Debug;
		};
		94D4261B1FB1D41F00A7069D /* Release */ = {
			isa = XCBuildConfiguration;
			buildSettings = {
				CODE_SIGN_STYLE = Automatic;
				INFOPLIST_FILE = SolarARUITests/Info.plist;
				LD_RUNPATH_SEARCH_PATHS = "$(inherited) @executable_path/Frameworks @loader_path/Frameworks";
				PRODUCT_BUNDLE_IDENTIFIER = com.miaoyu.SolarARUITests;
				PRODUCT_NAME = "$(TARGET_NAME)";
				TARGETED_DEVICE_FAMILY = "1,2";
				TEST_TARGET_NAME = SolarAR;
			};
			name = Release;
		};
/* End XCBuildConfiguration section */

/* Begin XCConfigurationList section */
		94D425E21FB1D41E00A7069D /* Build configuration list for PBXProject "SolarAR" */ = {
			isa = XCConfigurationList;
			buildConfigurations = (
				94D426111FB1D41F00A7069D /* Debug */,
				94D426121FB1D41F00A7069D /* Release */,
			);
			defaultConfigurationIsVisible = 0;
			defaultConfigurationName = Release;
		};
		94D426131FB1D41F00A7069D /* Build configuration list for PBXNativeTarget "SolarAR" */ = {
			isa = XCConfigurationList;
			buildConfigurations = (
				94D426141FB1D41F00A7069D /* Debug */,
				94D426151FB1D41F00A7069D /* Release */,
			);
			defaultConfigurationIsVisible = 0;
			defaultConfigurationName = Release;
		};
		94D426161FB1D41F00A7069D /* Build configuration list for PBXNativeTarget "SolarARTests" */ = {
			isa = XCConfigurationList;
			buildConfigurations = (
				94D426171FB1D41F00A7069D /* Debug */,
				94D426181FB1D41F00A7069D /* Release */,
			);
			defaultConfigurationIsVisible = 0;
			defaultConfigurationName = Release;
		};
		94D426191FB1D41F00A7069D /* Build configuration list for PBXNativeTarget "SolarARUITests" */ = {
			isa = XCConfigurationList;
			buildConfigurations = (
				94D4261A1FB1D41F00A7069D /* Debug */,
				94D4261B1FB1D41F00A7069D /* Release */,
			);
			defaultConfigurationIsVisible = 0;
			defaultConfigurationName = Release;
		};
/* End XCConfigurationList section */
	};
	rootObject = 94D425DF1FB1D41E00A7069D /* Project object */;
}
